
Microsoft Visual Studio Solution File, Format Version 12.00
# Visual Studio Version 16
VisualStudioVersion = 16.0.29728.190
MinimumVisualStudioVersion = 10.0.40219.1
Project("{2150E333-8FDC-42A3-9474-1A3956D46DE8}") = "JumpsellerSync.DataAccess", "JumpsellerSync.DataAccess", "{9CC94FEB-44F4-4EC0-BD9A-D371CA7B9764}"
EndProject
Project("{2150E333-8FDC-42A3-9474-1A3956D46DE8}") = "JumpsellerSync.Domain", "JumpsellerSync.Domain", "{81F4D1B1-E9B8-4100-970E-987683B76639}"
EndProject
Project("{2150E333-8FDC-42A3-9474-1A3956D46DE8}") = "JumpsellerSync.BusinessLogic", "JumpsellerSync.BusinessLogic", "{B25253DB-A95B-4B55-BFCB-47974DD3B6B3}"
EndProject
Project("{2150E333-8FDC-42A3-9474-1A3956D46DE8}") = "JumpsellerSync.RestApi", "JumpsellerSync.RestApi", "{52A5A102-8BDC-4270-AA90-209374FFB349}"
EndProject
Project("{2150E333-8FDC-42A3-9474-1A3956D46DE8}") = "JumpsellerSync.Common", "JumpsellerSync.Common", "{E18AE5A1-7EBB-4004-849D-37083D931BEB}"
EndProject
Project("{9A19103F-16F7-4668-BE54-9A1E7A4F7556}") = "JumpsellerSync.BusinessLogic.Core", "JumpsellerSync.BusinessLogic.Core\JumpsellerSync.BusinessLogic.Core.csproj", "{15B6A737-F2CC-41D0-A63E-4B22DC70318D}"
EndProject
Project("{9A19103F-16F7-4668-BE54-9A1E7A4F7556}") = "JumpsellerSync.BusinessLogic.Impl", "JumpsellerSync.BusinessLogic.Impl\JumpsellerSync.BusinessLogic.Impl.csproj", "{25505CB0-D334-454D-9CE7-70CD72DF2CAB}"
EndProject
Project("{9A19103F-16F7-4668-BE54-9A1E7A4F7556}") = "JumpsellerSync.Common.Util", "JumpsellerSync.Common.Util\JumpsellerSync.Common.Util.csproj", "{196E08D1-609F-425D-831D-4D0427C923E6}"
EndProject
Project("{9A19103F-16F7-4668-BE54-9A1E7A4F7556}") = "JumpsellerSync.DataAccess.Core", "JumpsellerSync.DataAccess.Core\JumpsellerSync.DataAccess.Core.csproj", "{8C02BE98-801F-4CDC-BC84-D851DB9F274B}"
EndProject
Project("{9A19103F-16F7-4668-BE54-9A1E7A4F7556}") = "JumpsellerSync.DataAccess.Impl", "JumpsellerSync.DataAccess.Impl\JumpsellerSync.DataAccess.Impl.csproj", "{8B282374-4552-494B-8B43-93BFB565B9A5}"
EndProject
Project("{9A19103F-16F7-4668-BE54-9A1E7A4F7556}") = "JumpsellerSync.Domain.Impl", "JumpsellerSync.Domain.Impl\JumpsellerSync.Domain.Impl.csproj", "{54F159CF-E94E-4D6F-A99A-C4978DFCAF10}"
EndProject
Project("{9A19103F-16F7-4668-BE54-9A1E7A4F7556}") = "JumpsellerSync.RestApi.Core", "JumpsellerSync.RestApi.Core\JumpsellerSync.RestApi.Core.csproj", "{B3243636-4585-4E28-85BD-5CBF9845F1BF}"
EndProject
Project("{9A19103F-16F7-4668-BE54-9A1E7A4F7556}") = "JumpsellerSync.RestApi.FrontEnd", "JumpsellerSync.RestApi.Frontend\JumpsellerSync.RestApi.FrontEnd.csproj", "{2D8B18F7-7634-49F5-9896-FE581B8CB63E}"
EndProject
Project("{9A19103F-16F7-4668-BE54-9A1E7A4F7556}") = "JumpsellerSync.BusinessLogic.Filter", "JumpsellerSync.BusinessLogic.Filter\JumpsellerSync.BusinessLogic.Filter.csproj", "{BDC3D87F-B27A-418C-9298-82ACE2127863}"
EndProject
Project("{2150E333-8FDC-42A3-9474-1A3956D46DE8}") = "Providers", "Providers", "{E78C32B1-D9FF-4462-B070-818D4E7BCFD7}"
EndProject
Project("{9A19103F-16F7-4668-BE54-9A1E7A4F7556}") = "JumpsellerSync.RestApi.Provider.Core", "JumpsellerSync.RestApi.Provider.Core\JumpsellerSync.RestApi.Provider.Core.csproj", "{8A7CBE57-58BA-4CF5-A20E-0564BC496728}"
EndProject
Project("{9A19103F-16F7-4668-BE54-9A1E7A4F7556}") = "JumpsellerSync.RestApi.Provider.Linkstore", "JumpsellerSync.RestApi.Provider.Linkstore\JumpsellerSync.RestApi.Provider.Linkstore.csproj", "{EA77B85F-09D8-492D-815C-24A27B017D8B}"
EndProject
Project("{9A19103F-16F7-4668-BE54-9A1E7A4F7556}") = "JumpsellerSync.BusinessLogic.Provider.Linkstore", "JumpsellerSync.BusinessLogic.Provider.Linkstore\JumpsellerSync.BusinessLogic.Provider.Linkstore.csproj", "{A49D5D99-2F83-443E-99B6-CDE02D0C054E}"
EndProject
Project("{9A19103F-16F7-4668-BE54-9A1E7A4F7556}") = "JumpsellerSync.BusinessLogic.Provider.Impl", "JumpsellerSync.BusinessLogic.Provider.Impl\JumpsellerSync.BusinessLogic.Provider.Impl.csproj", "{2DAB42DA-6716-4FB9-AABF-5DF450562636}"
EndProject
Project("{9A19103F-16F7-4668-BE54-9A1E7A4F7556}") = "JumpsellerSync.RestApi.Provider.Intcomex", "JumpsellerSync.RestApi.Provider.Intcomex\JumpsellerSync.RestApi.Provider.Intcomex.csproj", "{5A75878F-BE93-4C42-BAE9-E1EDE470F3E2}"
EndProject
Project("{9A19103F-16F7-4668-BE54-9A1E7A4F7556}") = "JumpsellerSync.BusinessLogic.Provider.Intcomex", "JumpsellerSync.BusinessLogic.Provider.Intcomex\JumpsellerSync.BusinessLogic.Provider.Intcomex.csproj", "{418E278E-7BA5-4C2A-966F-306114B2A8CA}"
EndProject
Project("{9A19103F-16F7-4668-BE54-9A1E7A4F7556}") = "JumpsellerSync.BusinessLogic.Provider.Tecnoglobal", "JumpsellerSync.BusinessLogic.Provider.Tecnoglobal\JumpsellerSync.BusinessLogic.Provider.Tecnoglobal.csproj", "{EFF9090D-6E03-4447-9083-646D63734E4B}"
EndProject
Project("{9A19103F-16F7-4668-BE54-9A1E7A4F7556}") = "JumpsellerSync.RestApi.Provider.Tecnoglobal", "JumpsellerSync.RestApi.Provider.Tecnoglobal\JumpsellerSync.RestApi.Provider.Tecnoglobal.csproj", "{F883153A-F9E8-46D3-8D76-EC5AB6FF62AB}"
EndProject
Project("{9A19103F-16F7-4668-BE54-9A1E7A4F7556}") = "JumpsellerSync.BusinessLogic.Provider.Nexsys", "JumpsellerSync.BusinessLogic.Provider.Nexsys\JumpsellerSync.BusinessLogic.Provider.Nexsys.csproj", "{FF326BD6-0488-430B-B6DC-3D36E5B3BE67}"
EndProject
Project("{FAE04EC0-301F-11D3-BF4B-00C04F79EFBC}") = "JumpsellerSync.RestApi.Provider.Nexsys", "JumpsellerSync.RestApi.Provider.Nexsys\JumpsellerSync.RestApi.Provider.Nexsys.csproj", "{1341FA95-CCA6-45DE-B303-DB3087A8AB1D}"
EndProject
Global
	GlobalSection(SolutionConfigurationPlatforms) = preSolution
		Debug|Any CPU = Debug|Any CPU
		Release|Any CPU = Release|Any CPU
	EndGlobalSection
	GlobalSection(ProjectConfigurationPlatforms) = postSolution
		{15B6A737-F2CC-41D0-A63E-4B22DC70318D}.Debug|Any CPU.ActiveCfg = Debug|Any CPU
		{15B6A737-F2CC-41D0-A63E-4B22DC70318D}.Debug|Any CPU.Build.0 = Debug|Any CPU
		{15B6A737-F2CC-41D0-A63E-4B22DC70318D}.Release|Any CPU.ActiveCfg = Release|Any CPU
		{15B6A737-F2CC-41D0-A63E-4B22DC70318D}.Release|Any CPU.Build.0 = Release|Any CPU
		{25505CB0-D334-454D-9CE7-70CD72DF2CAB}.Debug|Any CPU.ActiveCfg = Debug|Any CPU
		{25505CB0-D334-454D-9CE7-70CD72DF2CAB}.Debug|Any CPU.Build.0 = Debug|Any CPU
		{25505CB0-D334-454D-9CE7-70CD72DF2CAB}.Release|Any CPU.ActiveCfg = Release|Any CPU
		{25505CB0-D334-454D-9CE7-70CD72DF2CAB}.Release|Any CPU.Build.0 = Release|Any CPU
		{196E08D1-609F-425D-831D-4D0427C923E6}.Debug|Any CPU.ActiveCfg = Debug|Any CPU
		{196E08D1-609F-425D-831D-4D0427C923E6}.Debug|Any CPU.Build.0 = Debug|Any CPU
		{196E08D1-609F-425D-831D-4D0427C923E6}.Release|Any CPU.ActiveCfg = Release|Any CPU
		{196E08D1-609F-425D-831D-4D0427C923E6}.Release|Any CPU.Build.0 = Release|Any CPU
		{8C02BE98-801F-4CDC-BC84-D851DB9F274B}.Debug|Any CPU.ActiveCfg = Debug|Any CPU
		{8C02BE98-801F-4CDC-BC84-D851DB9F274B}.Debug|Any CPU.Build.0 = Debug|Any CPU
		{8C02BE98-801F-4CDC-BC84-D851DB9F274B}.Release|Any CPU.ActiveCfg = Release|Any CPU
		{8C02BE98-801F-4CDC-BC84-D851DB9F274B}.Release|Any CPU.Build.0 = Release|Any CPU
		{8B282374-4552-494B-8B43-93BFB565B9A5}.Debug|Any CPU.ActiveCfg = Debug|Any CPU
		{8B282374-4552-494B-8B43-93BFB565B9A5}.Debug|Any CPU.Build.0 = Debug|Any CPU
		{8B282374-4552-494B-8B43-93BFB565B9A5}.Release|Any CPU.ActiveCfg = Release|Any CPU
		{8B282374-4552-494B-8B43-93BFB565B9A5}.Release|Any CPU.Build.0 = Release|Any CPU
		{54F159CF-E94E-4D6F-A99A-C4978DFCAF10}.Debug|Any CPU.ActiveCfg = Debug|Any CPU
		{54F159CF-E94E-4D6F-A99A-C4978DFCAF10}.Debug|Any CPU.Build.0 = Debug|Any CPU
		{54F159CF-E94E-4D6F-A99A-C4978DFCAF10}.Release|Any CPU.ActiveCfg = Release|Any CPU
		{54F159CF-E94E-4D6F-A99A-C4978DFCAF10}.Release|Any CPU.Build.0 = Release|Any CPU
		{B3243636-4585-4E28-85BD-5CBF9845F1BF}.Debug|Any CPU.ActiveCfg = Debug|Any CPU
		{B3243636-4585-4E28-85BD-5CBF9845F1BF}.Debug|Any CPU.Build.0 = Debug|Any CPU
		{B3243636-4585-4E28-85BD-5CBF9845F1BF}.Release|Any CPU.ActiveCfg = Release|Any CPU
		{B3243636-4585-4E28-85BD-5CBF9845F1BF}.Release|Any CPU.Build.0 = Release|Any CPU
		{2D8B18F7-7634-49F5-9896-FE581B8CB63E}.Debug|Any CPU.ActiveCfg = Debug|Any CPU
		{2D8B18F7-7634-49F5-9896-FE581B8CB63E}.Debug|Any CPU.Build.0 = Debug|Any CPU
		{2D8B18F7-7634-49F5-9896-FE581B8CB63E}.Release|Any CPU.ActiveCfg = Release|Any CPU
		{2D8B18F7-7634-49F5-9896-FE581B8CB63E}.Release|Any CPU.Build.0 = Release|Any CPU
		{BDC3D87F-B27A-418C-9298-82ACE2127863}.Debug|Any CPU.ActiveCfg = Debug|Any CPU
		{BDC3D87F-B27A-418C-9298-82ACE2127863}.Debug|Any CPU.Build.0 = Debug|Any CPU
		{BDC3D87F-B27A-418C-9298-82ACE2127863}.Release|Any CPU.ActiveCfg = Release|Any CPU
		{BDC3D87F-B27A-418C-9298-82ACE2127863}.Release|Any CPU.Build.0 = Release|Any CPU
		{8A7CBE57-58BA-4CF5-A20E-0564BC496728}.Debug|Any CPU.ActiveCfg = Debug|Any CPU
		{8A7CBE57-58BA-4CF5-A20E-0564BC496728}.Debug|Any CPU.Build.0 = Debug|Any CPU
		{8A7CBE57-58BA-4CF5-A20E-0564BC496728}.Release|Any CPU.ActiveCfg = Release|Any CPU
		{8A7CBE57-58BA-4CF5-A20E-0564BC496728}.Release|Any CPU.Build.0 = Release|Any CPU
		{EA77B85F-09D8-492D-815C-24A27B017D8B}.Debug|Any CPU.ActiveCfg = Debug|Any CPU
		{EA77B85F-09D8-492D-815C-24A27B017D8B}.Debug|Any CPU.Build.0 = Debug|Any CPU
		{EA77B85F-09D8-492D-815C-24A27B017D8B}.Release|Any CPU.ActiveCfg = Release|Any CPU
		{EA77B85F-09D8-492D-815C-24A27B017D8B}.Release|Any CPU.Build.0 = Release|Any CPU
		{A49D5D99-2F83-443E-99B6-CDE02D0C054E}.Debug|Any CPU.ActiveCfg = Debug|Any CPU
		{A49D5D99-2F83-443E-99B6-CDE02D0C054E}.Debug|Any CPU.Build.0 = Debug|Any CPU
		{A49D5D99-2F83-443E-99B6-CDE02D0C054E}.Release|Any CPU.ActiveCfg = Release|Any CPU
		{A49D5D99-2F83-443E-99B6-CDE02D0C054E}.Release|Any CPU.Build.0 = Release|Any CPU
		{2DAB42DA-6716-4FB9-AABF-5DF450562636}.Debug|Any CPU.ActiveCfg = Debug|Any CPU
		{2DAB42DA-6716-4FB9-AABF-5DF450562636}.Debug|Any CPU.Build.0 = Debug|Any CPU
		{2DAB42DA-6716-4FB9-AABF-5DF450562636}.Release|Any CPU.ActiveCfg = Release|Any CPU
		{2DAB42DA-6716-4FB9-AABF-5DF450562636}.Release|Any CPU.Build.0 = Release|Any CPU
		{5A75878F-BE93-4C42-BAE9-E1EDE470F3E2}.Debug|Any CPU.ActiveCfg = Debug|Any CPU
		{5A75878F-BE93-4C42-BAE9-E1EDE470F3E2}.Debug|Any CPU.Build.0 = Debug|Any CPU
		{5A75878F-BE93-4C42-BAE9-E1EDE470F3E2}.Release|Any CPU.ActiveCfg = Release|Any CPU
		{5A75878F-BE93-4C42-BAE9-E1EDE470F3E2}.Release|Any CPU.Build.0 = Release|Any CPU
		{418E278E-7BA5-4C2A-966F-306114B2A8CA}.Debug|Any CPU.ActiveCfg = Debug|Any CPU
		{418E278E-7BA5-4C2A-966F-306114B2A8CA}.Debug|Any CPU.Build.0 = Debug|Any CPU
		{418E278E-7BA5-4C2A-966F-306114B2A8CA}.Release|Any CPU.ActiveCfg = Release|Any CPU
		{418E278E-7BA5-4C2A-966F-306114B2A8CA}.Release|Any CPU.Build.0 = Release|Any CPU
		{EFF9090D-6E03-4447-9083-646D63734E4B}.Debug|Any CPU.ActiveCfg = Debug|Any CPU
		{EFF9090D-6E03-4447-9083-646D63734E4B}.Debug|Any CPU.Build.0 = Debug|Any CPU
		{EFF9090D-6E03-4447-9083-646D63734E4B}.Release|Any CPU.ActiveCfg = Release|Any CPU
		{EFF9090D-6E03-4447-9083-646D63734E4B}.Release|Any CPU.Build.0 = Release|Any CPU
		{F883153A-F9E8-46D3-8D76-EC5AB6FF62AB}.Debug|Any CPU.ActiveCfg = Debug|Any CPU
		{F883153A-F9E8-46D3-8D76-EC5AB6FF62AB}.Debug|Any CPU.Build.0 = Debug|Any CPU
		{F883153A-F9E8-46D3-8D76-EC5AB6FF62AB}.Release|Any CPU.ActiveCfg = Release|Any CPU
		{F883153A-F9E8-46D3-8D76-EC5AB6FF62AB}.Release|Any CPU.Build.0 = Release|Any CPU
		{FF326BD6-0488-430B-B6DC-3D36E5B3BE67}.Debug|Any CPU.ActiveCfg = Debug|Any CPU
		{FF326BD6-0488-430B-B6DC-3D36E5B3BE67}.Debug|Any CPU.Build.0 = Debug|Any CPU
		{FF326BD6-0488-430B-B6DC-3D36E5B3BE67}.Release|Any CPU.ActiveCfg = Release|Any CPU
		{FF326BD6-0488-430B-B6DC-3D36E5B3BE67}.Release|Any CPU.Build.0 = Release|Any CPU
		{1341FA95-CCA6-45DE-B303-DB3087A8AB1D}.Debug|Any CPU.ActiveCfg = Debug|Any CPU
		{1341FA95-CCA6-45DE-B303-DB3087A8AB1D}.Debug|Any CPU.Build.0 = Debug|Any CPU
		{1341FA95-CCA6-45DE-B303-DB3087A8AB1D}.Release|Any CPU.ActiveCfg = Release|Any CPU
		{1341FA95-CCA6-45DE-B303-DB3087A8AB1D}.Release|Any CPU.Build.0 = Release|Any CPU
	EndGlobalSection
	GlobalSection(SolutionProperties) = preSolution
		HideSolutionNode = FALSE
	EndGlobalSection
	GlobalSection(NestedProjects) = preSolution
		{15B6A737-F2CC-41D0-A63E-4B22DC70318D} = {B25253DB-A95B-4B55-BFCB-47974DD3B6B3}
		{25505CB0-D334-454D-9CE7-70CD72DF2CAB} = {B25253DB-A95B-4B55-BFCB-47974DD3B6B3}
		{196E08D1-609F-425D-831D-4D0427C923E6} = {E18AE5A1-7EBB-4004-849D-37083D931BEB}
		{8C02BE98-801F-4CDC-BC84-D851DB9F274B} = {9CC94FEB-44F4-4EC0-BD9A-D371CA7B9764}
		{8B282374-4552-494B-8B43-93BFB565B9A5} = {9CC94FEB-44F4-4EC0-BD9A-D371CA7B9764}
		{54F159CF-E94E-4D6F-A99A-C4978DFCAF10} = {81F4D1B1-E9B8-4100-970E-987683B76639}
		{B3243636-4585-4E28-85BD-5CBF9845F1BF} = {52A5A102-8BDC-4270-AA90-209374FFB349}
		{2D8B18F7-7634-49F5-9896-FE581B8CB63E} = {52A5A102-8BDC-4270-AA90-209374FFB349}
		{BDC3D87F-B27A-418C-9298-82ACE2127863} = {B25253DB-A95B-4B55-BFCB-47974DD3B6B3}
		{E78C32B1-D9FF-4462-B070-818D4E7BCFD7} = {52A5A102-8BDC-4270-AA90-209374FFB349}
		{8A7CBE57-58BA-4CF5-A20E-0564BC496728} = {52A5A102-8BDC-4270-AA90-209374FFB349}
		{EA77B85F-09D8-492D-815C-24A27B017D8B} = {E78C32B1-D9FF-4462-B070-818D4E7BCFD7}
		{A49D5D99-2F83-443E-99B6-CDE02D0C054E} = {B25253DB-A95B-4B55-BFCB-47974DD3B6B3}
		{2DAB42DA-6716-4FB9-AABF-5DF450562636} = {B25253DB-A95B-4B55-BFCB-47974DD3B6B3}
		{5A75878F-BE93-4C42-BAE9-E1EDE470F3E2} = {E78C32B1-D9FF-4462-B070-818D4E7BCFD7}
		{418E278E-7BA5-4C2A-966F-306114B2A8CA} = {B25253DB-A95B-4B55-BFCB-47974DD3B6B3}
		{EFF9090D-6E03-4447-9083-646D63734E4B} = {B25253DB-A95B-4B55-BFCB-47974DD3B6B3}
		{F883153A-F9E8-46D3-8D76-EC5AB6FF62AB} = {E78C32B1-D9FF-4462-B070-818D4E7BCFD7}
		{FF326BD6-0488-430B-B6DC-3D36E5B3BE67} = {B25253DB-A95B-4B55-BFCB-47974DD3B6B3}
		{1341FA95-CCA6-45DE-B303-DB3087A8AB1D} = {E78C32B1-D9FF-4462-B070-818D4E7BCFD7}
	EndGlobalSection
	GlobalSection(ExtensibilityGlobals) = postSolution
		SolutionGuid = {33BAEDCD-D9E1-423B-B821-717626FB47D0}
	EndGlobalSection
EndGlobal
